
Microsoft Visual Studio Solution File, Format Version 12.00
# Visual Studio Version 16
VisualStudioVersion = 16.0.32002.261
MinimumVisualStudioVersion = 10.0.40219.1
Project("{FAE04EC0-301F-11D3-BF4B-00C04F79EFBC}") = "AdsBoard", "AdsBoard\AdsBoard.csproj", "{768C1B83-6A0E-4D1B-AFEF-ACCE1199E399}"
EndProject
Global
	GlobalSection(SolutionConfigurationPlatforms) = preSolution
		Debug|Any CPU = Debug|Any CPU
		Release|Any CPU = Release|Any CPU
	EndGlobalSection
	GlobalSection(ProjectConfigurationPlatforms) = postSolution
		{768C1B83-6A0E-4D1B-AFEF-ACCE1199E399}.Debug|Any CPU.ActiveCfg = Debug|Any CPU
		{768C1B83-6A0E-4D1B-AFEF-ACCE1199E399}.Debug|Any CPU.Build.0 = Debug|Any CPU
		{768C1B83-6A0E-4D1B-AFEF-ACCE1199E399}.Release|Any CPU.ActiveCfg = Release|Any CPU
		{768C1B83-6A0E-4D1B-AFEF-ACCE1199E399}.Release|Any CPU.Build.0 = Release|Any CPU
	EndGlobalSection
	GlobalSection(SolutionProperties) = preSolution
		HideSolutionNode = FALSE
	EndGlobalSection
	GlobalSection(ExtensibilityGlobals) = postSolution
		SolutionGuid = {1901D908-4B54-47DE-8843-AE055D778477}
	EndGlobalSection
EndGlobal
